
Microsoft Visual Studio Solution File, Format Version 11.00
# Visual Studio 2010
# SharpDevelop 5.1
Project("{FAE04EC0-301F-11D3-BF4B-00C04F79EFBC}") = "TextEditor", "TextEditor\TextEditor.csproj", "{B7DF86DA-DEA4-4F47-854E-ADFFEB0B086B}"
EndProject
Project("{FAE04EC0-301F-11D3-BF4B-00C04F79EFBC}") = "TextEditor.BL", "TextEditor.BL\TextEditor.BL.csproj", "{1F43C468-6478-4CDA-92B0-C829CBB603DF}"
EndProject
Global
	GlobalSection(SolutionConfigurationPlatforms) = preSolution
		Debug|Any CPU = Debug|Any CPU
		Release|Any CPU = Release|Any CPU
	EndGlobalSection
	GlobalSection(ProjectConfigurationPlatforms) = postSolution
		{B7DF86DA-DEA4-4F47-854E-ADFFEB0B086B}.Debug|Any CPU.ActiveCfg = Debug|Any CPU
		{B7DF86DA-DEA4-4F47-854E-ADFFEB0B086B}.Debug|Any CPU.Build.0 = Debug|Any CPU
		{B7DF86DA-DEA4-4F47-854E-ADFFEB0B086B}.Release|Any CPU.ActiveCfg = Release|Any CPU
		{B7DF86DA-DEA4-4F47-854E-ADFFEB0B086B}.Release|Any CPU.Build.0 = Release|Any CPU
		{1F43C468-6478-4CDA-92B0-C829CBB603DF}.Debug|Any CPU.ActiveCfg = Debug|Any CPU
		{1F43C468-6478-4CDA-92B0-C829CBB603DF}.Debug|Any CPU.Build.0 = Debug|Any CPU
		{1F43C468-6478-4CDA-92B0-C829CBB603DF}.Release|Any CPU.ActiveCfg = Release|Any CPU
		{1F43C468-6478-4CDA-92B0-C829CBB603DF}.Release|Any CPU.Build.0 = Release|Any CPU
	EndGlobalSection
EndGlobal
