
Microsoft Visual Studio Solution File, Format Version 11.00
# Visual Studio 2010
# SharpDevelop 5.1
Project("{FAE04EC0-301F-11D3-BF4B-00C04F79EFBC}") = "ViewImage", "ViewImage\ViewImage.csproj", "{F1F53179-F03D-40EE-9B6E-5E6E5BE794B2}"
EndProject
Project("{FAE04EC0-301F-11D3-BF4B-00C04F79EFBC}") = "ViewImage.BL", "ViewImage.BL\ViewImage.BL.csproj", "{8945020F-6148-45A5-9C8E-429BE025F123}"
EndProject
Global
	GlobalSection(SolutionConfigurationPlatforms) = preSolution
		Debug|Any CPU = Debug|Any CPU
		Release|Any CPU = Release|Any CPU
	EndGlobalSection
	GlobalSection(ProjectConfigurationPlatforms) = postSolution
		{F1F53179-F03D-40EE-9B6E-5E6E5BE794B2}.Debug|Any CPU.ActiveCfg = Debug|Any CPU
		{F1F53179-F03D-40EE-9B6E-5E6E5BE794B2}.Debug|Any CPU.Build.0 = Debug|Any CPU
		{F1F53179-F03D-40EE-9B6E-5E6E5BE794B2}.Release|Any CPU.ActiveCfg = Release|Any CPU
		{F1F53179-F03D-40EE-9B6E-5E6E5BE794B2}.Release|Any CPU.Build.0 = Release|Any CPU
		{8945020F-6148-45A5-9C8E-429BE025F123}.Debug|Any CPU.ActiveCfg = Debug|Any CPU
		{8945020F-6148-45A5-9C8E-429BE025F123}.Debug|Any CPU.Build.0 = Debug|Any CPU
		{8945020F-6148-45A5-9C8E-429BE025F123}.Release|Any CPU.ActiveCfg = Release|Any CPU
		{8945020F-6148-45A5-9C8E-429BE025F123}.Release|Any CPU.Build.0 = Release|Any CPU
	EndGlobalSection
EndGlobal
